// !$*UTF8*$!
{
	archiveVersion = 1;
	classes = {
	};
	objectVersion = 56;
	objects = {

/* Begin PBXBuildFile section */
		2020B5FD2996C16400F22F21 /* ProfileHeaderView.swift in Sources */ = {isa = PBXBuildFile; fileRef = 2020B5FC2996C16400F22F21 /* ProfileHeaderView.swift */; };
		20DEF71A298F0B42002CA670 /* FeedViewController.swift in Sources */ = {isa = PBXBuildFile; fileRef = 20DEF719298F0B42002CA670 /* FeedViewController.swift */; };
		20DEF71C298F0B5A002CA670 /* ProfileViewController.swift in Sources */ = {isa = PBXBuildFile; fileRef = 20DEF71B298F0B5A002CA670 /* ProfileViewController.swift */; };
		20DEF71E298F0B6F002CA670 /* PostViewController.swift in Sources */ = {isa = PBXBuildFile; fileRef = 20DEF71D298F0B6F002CA670 /* PostViewController.swift */; };
		20DEF75E29918B16002CA670 /* Post.swift in Sources */ = {isa = PBXBuildFile; fileRef = 20DEF75D29918B16002CA670 /* Post.swift */; };
		20DEF760299195FF002CA670 /* InfoViewController.swift in Sources */ = {isa = PBXBuildFile; fileRef = 20DEF75F299195FF002CA670 /* InfoViewController.swift */; };
		20FEB1F1298DA7D80097F4DA /* AppDelegate.swift in Sources */ = {isa = PBXBuildFile; fileRef = 20FEB1F0298DA7D80097F4DA /* AppDelegate.swift */; };
		20FEB1FA298DA7D90097F4DA /* Assets.xcassets in Resources */ = {isa = PBXBuildFile; fileRef = 20FEB1F9298DA7D90097F4DA /* Assets.xcassets */; };
		20FEB1FD298DA7D90097F4DA /* LaunchScreen.storyboard in Resources */ = {isa = PBXBuildFile; fileRef = 20FEB1FB298DA7D90097F4DA /* LaunchScreen.storyboard */; };
/* End PBXBuildFile section */

/* Begin PBXFileReference section */
		2020B5FC2996C16400F22F21 /* ProfileHeaderView.swift */ = {isa = PBXFileReference; lastKnownFileType = sourcecode.swift; path = ProfileHeaderView.swift; sourceTree = "<group>"; };
		20DEF719298F0B42002CA670 /* FeedViewController.swift */ = {isa = PBXFileReference; lastKnownFileType = sourcecode.swift; path = FeedViewController.swift; sourceTree = "<group>"; };
		20DEF71B298F0B5A002CA670 /* ProfileViewController.swift */ = {isa = PBXFileReference; lastKnownFileType = sourcecode.swift; path = ProfileViewController.swift; sourceTree = "<group>"; };
		20DEF71D298F0B6F002CA670 /* PostViewController.swift */ = {isa = PBXFileReference; lastKnownFileType = sourcecode.swift; path = PostViewController.swift; sourceTree = "<group>"; };
		20DEF75D29918B16002CA670 /* Post.swift */ = {isa = PBXFileReference; lastKnownFileType = sourcecode.swift; path = Post.swift; sourceTree = "<group>"; };
		20DEF75F299195FF002CA670 /* InfoViewController.swift */ = {isa = PBXFileReference; lastKnownFileType = sourcecode.swift; path = InfoViewController.swift; sourceTree = "<group>"; };
		20FEB1ED298DA7D80097F4DA /* DZ-1.3-Navigation.app */ = {isa = PBXFileReference; explicitFileType = wrapper.application; includeInIndex = 0; path = "DZ-1.3-Navigation.app"; sourceTree = BUILT_PRODUCTS_DIR; };
		20FEB1F0298DA7D80097F4DA /* AppDelegate.swift */ = {isa = PBXFileReference; lastKnownFileType = sourcecode.swift; path = AppDelegate.swift; sourceTree = "<group>"; };
		20FEB1F9298DA7D90097F4DA /* Assets.xcassets */ = {isa = PBXFileReference; lastKnownFileType = folder.assetcatalog; path = Assets.xcassets; sourceTree = "<group>"; };
		20FEB1FC298DA7D90097F4DA /* Base */ = {isa = PBXFileReference; lastKnownFileType = file.storyboard; name = Base; path = Base.lproj/LaunchScreen.storyboard; sourceTree = "<group>"; };
		20FEB1FE298DA7D90097F4DA /* Info.plist */ = {isa = PBXFileReference; lastKnownFileType = text.plist.xml; path = Info.plist; sourceTree = "<group>"; };
/* End PBXFileReference section */

/* Begin PBXFrameworksBuildPhase section */
		20FEB1EA298DA7D80097F4DA /* Frameworks */ = {
			isa = PBXFrameworksBuildPhase;
			buildActionMask = 2147483647;
			files = (
			);
			runOnlyForDeploymentPostprocessing = 0;
		};
/* End PBXFrameworksBuildPhase section */

/* Begin PBXGroup section */
		2020B5FB2996C12400F22F21 /* Profile */ = {
			isa = PBXGroup;
			children = (
				2020B5FC2996C16400F22F21 /* ProfileHeaderView.swift */,
				20DEF71B298F0B5A002CA670 /* ProfileViewController.swift */,
			);
			path = Profile;
			sourceTree = "<group>";
		};
		20FEB1E4298DA7D80097F4DA = {
			isa = PBXGroup;
			children = (
				20FEB1EF298DA7D80097F4DA /* DZ-1.3-Navigation */,
				20FEB1EE298DA7D80097F4DA /* Products */,
			);
			sourceTree = "<group>";
		};
		20FEB1EE298DA7D80097F4DA /* Products */ = {
			isa = PBXGroup;
			children = (
				20FEB1ED298DA7D80097F4DA /* DZ-1.3-Navigation.app */,
			);
			name = Products;
			sourceTree = "<group>";
		};
		20FEB1EF298DA7D80097F4DA /* DZ-1.3-Navigation */ = {
			isa = PBXGroup;
			children = (
				20FEB1F0298DA7D80097F4DA /* AppDelegate.swift */,
				20DEF719298F0B42002CA670 /* FeedViewController.swift */,
				20DEF71D298F0B6F002CA670 /* PostViewController.swift */,
				20DEF75D29918B16002CA670 /* Post.swift */,
				20DEF75F299195FF002CA670 /* InfoViewController.swift */,
				20FEB1F9298DA7D90097F4DA /* Assets.xcassets */,
				20FEB1FB298DA7D90097F4DA /* LaunchScreen.storyboard */,
				20FEB1FE298DA7D90097F4DA /* Info.plist */,
				2020B5FB2996C12400F22F21 /* Profile */,
			);
			path = "DZ-1.3-Navigation";
			sourceTree = "<group>";
		};
/* End PBXGroup section */

/* Begin PBXNativeTarget section */
		20FEB1EC298DA7D80097F4DA /* DZ-1.3-Navigation */ = {
			isa = PBXNativeTarget;
			buildConfigurationList = 20FEB201298DA7D90097F4DA /* Build configuration list for PBXNativeTarget "DZ-1.3-Navigation" */;
			buildPhases = (
				20FEB1E9298DA7D80097F4DA /* Sources */,
				20FEB1EA298DA7D80097F4DA /* Frameworks */,
				20FEB1EB298DA7D80097F4DA /* Resources */,
			);
			buildRules = (
			);
			dependencies = (
			);
			name = "DZ-1.3-Navigation";
			productName = "DZ-1.3-Navigation";
			productReference = 20FEB1ED298DA7D80097F4DA /* DZ-1.3-Navigation.app */;
			productType = "com.apple.product-type.application";
		};
/* End PBXNativeTarget section */

/* Begin PBXProject section */
		20FEB1E5298DA7D80097F4DA /* Project object */ = {
			isa = PBXProject;
			attributes = {
				BuildIndependentTargetsInParallel = 1;
				LastSwiftUpdateCheck = 1400;
				LastUpgradeCheck = 1400;
				TargetAttributes = {
					20FEB1EC298DA7D80097F4DA = {
						CreatedOnToolsVersion = 14.0.1;
					};
				};
			};
			buildConfigurationList = 20FEB1E8298DA7D80097F4DA /* Build configuration list for PBXProject "DZ-1.3-Navigation" */;
			compatibilityVersion = "Xcode 14.0";
			developmentRegion = en;
			hasScannedForEncodings = 0;
			knownRegions = (
				en,
				Base,
			);
			mainGroup = 20FEB1E4298DA7D80097F4DA;
			productRefGroup = 20FEB1EE298DA7D80097F4DA /* Products */;
			projectDirPath = "";
			projectRoot = "";
			targets = (
				20FEB1EC298DA7D80097F4DA /* DZ-1.3-Navigation */,
			);
		};
/* End PBXProject section */

/* Begin PBXResourcesBuildPhase section */
		20FEB1EB298DA7D80097F4DA /* Resources */ = {
			isa = PBXResourcesBuildPhase;
			buildActionMask = 2147483647;
			files = (
				20FEB1FD298DA7D90097F4DA /* LaunchScreen.storyboard in Resources */,
				20FEB1FA298DA7D90097F4DA /* Assets.xcassets in Resources */,
			);
			runOnlyForDeploymentPostprocessing = 0;
		};
/* End PBXResourcesBuildPhase section */

/* Begin PBXSourcesBuildPhase section */
		20FEB1E9298DA7D80097F4DA /* Sources */ = {
			isa = PBXSourcesBuildPhase;
			buildActionMask = 2147483647;
			files = (
				20DEF71E298F0B6F002CA670 /* PostViewController.swift in Sources */,
				20FEB1F1298DA7D80097F4DA /* AppDelegate.swift in Sources */,
				20DEF71C298F0B5A002CA670 /* ProfileViewController.swift in Sources */,
				20DEF760299195FF002CA670 /* InfoViewController.swift in Sources */,
				2020B5FD2996C16400F22F21 /* ProfileHeaderView.swift in Sources */,
				20DEF75E29918B16002CA670 /* Post.swift in Sources */,
				20DEF71A298F0B42002CA670 /* FeedViewController.swift in Sources */,
			);
			runOnlyForDeploymentPostprocessing = 0;
		};
/* End PBXSourcesBuildPhase section */

/* Begin PBXVariantGroup section */
		20FEB1FB298DA7D90097F4DA /* LaunchScreen.storyboard */ = {
			isa = PBXVariantGroup;
			children = (
				20FEB1FC298DA7D90097F4DA /* Base */,
			);
			name = LaunchScreen.storyboard;
			sourceTree = "<group>";
		};
/* End PBXVariantGroup section */

/* Begin XCBuildConfiguration section */
		20FEB1FF298DA7D90097F4DA /* Debug */ = {
			isa = XCBuildConfiguration;
			buildSettings = {
				ALWAYS_SEARCH_USER_PATHS = NO;
				CLANG_ANALYZER_NONNULL = YES;
				CLANG_ANALYZER_NUMBER_OBJECT_CONVERSION = YES_AGGRESSIVE;
				CLANG_CXX_LANGUAGE_STANDARD = "gnu++20";
				CLANG_ENABLE_MODULES = YES;
				CLANG_ENABLE_OBJC_ARC = YES;
				CLANG_ENABLE_OBJC_WEAK = YES;
				CLANG_WARN_BLOCK_CAPTURE_AUTORELEASING = YES;
				CLANG_WARN_BOOL_CONVERSION = YES;
				CLANG_WARN_COMMA = YES;
				CLANG_WARN_CONSTANT_CONVERSION = YES;
				CLANG_WARN_DEPRECATED_OBJC_IMPLEMENTATIONS = YES;
				CLANG_WARN_DIRECT_OBJC_ISA_USAGE = YES_ERROR;
				CLANG_WARN_DOCUMENTATION_COMMENTS = YES;
				CLANG_WARN_EMPTY_BODY = YES;
				CLANG_WARN_ENUM_CONVERSION = YES;
				CLANG_WARN_INFINITE_RECURSION = YES;
				CLANG_WARN_INT_CONVERSION = YES;
				CLANG_WARN_NON_LITERAL_NULL_CONVERSION = YES;
				CLANG_WARN_OBJC_IMPLICIT_RETAIN_SELF = YES;
				CLANG_WARN_OBJC_LITERAL_CONVERSION = YES;
				CLANG_WARN_OBJC_ROOT_CLASS = YES_ERROR;
				CLANG_WARN_QUOTED_INCLUDE_IN_FRAMEWORK_HEADER = YES;
				CLANG_WARN_RANGE_LOOP_ANALYSIS = YES;
				CLANG_WARN_STRICT_PROTOTYPES = YES;
				CLANG_WARN_SUSPICIOUS_MOVE = YES;
				CLANG_WARN_UNGUARDED_AVAILABILITY = YES_AGGRESSIVE;
				CLANG_WARN_UNREACHABLE_CODE = YES;
				CLANG_WARN__DUPLICATE_METHOD_MATCH = YES;
				COPY_PHASE_STRIP = NO;
				DEBUG_INFORMATION_FORMAT = dwarf;
				ENABLE_STRICT_OBJC_MSGSEND = YES;
				ENABLE_TESTABILITY = YES;
				GCC_C_LANGUAGE_STANDARD = gnu11;
				GCC_DYNAMIC_NO_PIC = NO;
				GCC_NO_COMMON_BLOCKS = YES;
				GCC_OPTIMIZATION_LEVEL = 0;
				GCC_PREPROCESSOR_DEFINITIONS = (
					"DEBUG=1",
					"$(inherited)",
				);
				GCC_WARN_64_TO_32_BIT_CONVERSION = YES;
				GCC_WARN_ABOUT_RETURN_TYPE = YES_ERROR;
				GCC_WARN_UNDECLARED_SELECTOR = YES;
				GCC_WARN_UNINITIALIZED_AUTOS = YES_AGGRESSIVE;
				GCC_WARN_UNUSED_FUNCTION = YES;
				GCC_WARN_UNUSED_VARIABLE = YES;
				IPHONEOS_DEPLOYMENT_TARGET = 16.0;
				MTL_ENABLE_DEBUG_INFO = INCLUDE_SOURCE;
				MTL_FAST_MATH = YES;
				ONLY_ACTIVE_ARCH = YES;
				SDKROOT = iphoneos;
				SWIFT_ACTIVE_COMPILATION_CONDITIONS = DEBUG;
				SWIFT_OPTIMIZATION_LEVEL = "-Onone";
			};
			name = Debug;
		};
		20FEB200298DA7D90097F4DA /* Release */ = {
			isa = XCBuildConfiguration;
			buildSettings = {
				ALWAYS_SEARCH_USER_PATHS = NO;
				CLANG_ANALYZER_NONNULL = YES;
				CLANG_ANALYZER_NUMBER_OBJECT_CONVERSION = YES_AGGRESSIVE;
				CLANG_CXX_LANGUAGE_STANDARD = "gnu++20";
				CLANG_ENABLE_MODULES = YES;
				CLANG_ENABLE_OBJC_ARC = YES;
				CLANG_ENABLE_OBJC_WEAK = YES;
				CLANG_WARN_BLOCK_CAPTURE_AUTORELEASING = YES;
				CLANG_WARN_BOOL_CONVERSION = YES;
				CLANG_WARN_COMMA = YES;
				CLANG_WARN_CONSTANT_CONVERSION = YES;
				CLANG_WARN_DEPRECATED_OBJC_IMPLEMENTATIONS = YES;
				CLANG_WARN_DIRECT_OBJC_ISA_USAGE = YES_ERROR;
				CLANG_WARN_DOCUMENTATION_COMMENTS = YES;
				CLANG_WARN_EMPTY_BODY = YES;
				CLANG_WARN_ENUM_CONVERSION = YES;
				CLANG_WARN_INFINITE_RECURSION = YES;
				CLANG_WARN_INT_CONVERSION = YES;
				CLANG_WARN_NON_LITERAL_NULL_CONVERSION = YES;
				CLANG_WARN_OBJC_IMPLICIT_RETAIN_SELF = YES;
				CLANG_WARN_OBJC_LITERAL_CONVERSION = YES;
				CLANG_WARN_OBJC_ROOT_CLASS = YES_ERROR;
				CLANG_WARN_QUOTED_INCLUDE_IN_FRAMEWORK_HEADER = YES;
				CLANG_WARN_RANGE_LOOP_ANALYSIS = YES;
				CLANG_WARN_STRICT_PROTOTYPES = YES;
				CLANG_WARN_SUSPICIOUS_MOVE = YES;
				CLANG_WARN_UNGUARDED_AVAILABILITY = YES_AGGRESSIVE;
				CLANG_WARN_UNREACHABLE_CODE = YES;
				CLANG_WARN__DUPLICATE_METHOD_MATCH = YES;
				COPY_PHASE_STRIP = NO;
				DEBUG_INFORMATION_FORMAT = "dwarf-with-dsym";
				ENABLE_NS_ASSERTIONS = NO;
				ENABLE_STRICT_OBJC_MSGSEND = YES;
				GCC_C_LANGUAGE_STANDARD = gnu11;
				GCC_NO_COMMON_BLOCKS = YES;
				GCC_WARN_64_TO_32_BIT_CONVERSION = YES;
				GCC_WARN_ABOUT_RETURN_TYPE = YES_ERROR;
				GCC_WARN_UNDECLARED_SELECTOR = YES;
				GCC_WARN_UNINITIALIZED_AUTOS = YES_AGGRESSIVE;
				GCC_WARN_UNUSED_FUNCTION = YES;
				GCC_WARN_UNUSED_VARIABLE = YES;
				IPHONEOS_DEPLOYMENT_TARGET = 16.0;
				MTL_ENABLE_DEBUG_INFO = NO;
				MTL_FAST_MATH = YES;
				SDKROOT = iphoneos;
				SWIFT_COMPILATION_MODE = wholemodule;
				SWIFT_OPTIMIZATION_LEVEL = "-O";
				VALIDATE_PRODUCT = YES;
			};
			name = Release;
		};
		20FEB202298DA7D90097F4DA /* Debug */ = {
			isa = XCBuildConfiguration;
			buildSettings = {
				ASSETCATALOG_COMPILER_APPICON_NAME = AppIcon;
				ASSETCATALOG_COMPILER_GLOBAL_ACCENT_COLOR_NAME = AccentColor;
				CODE_SIGN_STYLE = Automatic;
				CURRENT_PROJECT_VERSION = 1;
				GENERATE_INFOPLIST_FILE = YES;
				INFOPLIST_FILE = "DZ-1.3-Navigation/Info.plist";
				INFOPLIST_KEY_UIApplicationSupportsIndirectInputEvents = YES;
				INFOPLIST_KEY_UILaunchStoryboardName = LaunchScreen;
				INFOPLIST_KEY_UISupportedInterfaceOrientations_iPad = "UIInterfaceOrientationPortrait UIInterfaceOrientationPortraitUpsideDown UIInterfaceOrientationLandscapeLeft UIInterfaceOrientationLandscapeRight";
				INFOPLIST_KEY_UISupportedInterfaceOrientations_iPhone = "UIInterfaceOrientationPortrait UIInterfaceOrientationLandscapeLeft UIInterfaceOrientationLandscapeRight";
				LD_RUNPATH_SEARCH_PATHS = (
					"$(inherited)",
					"@executable_path/Frameworks",
				);
				MARKETING_VERSION = 1.0;
				PRODUCT_BUNDLE_IDENTIFIER = "-.DZ-1-3-Navigation";
				PRODUCT_NAME = "$(TARGET_NAME)";
				SWIFT_EMIT_LOC_STRINGS = YES;
				SWIFT_VERSION = 5.0;
				TARGETED_DEVICE_FAMILY = "1,2";
			};
			name = Debug;
		};
		20FEB203298DA7D90097F4DA /* Release */ = {
			isa = XCBuildConfiguration;
			buildSettings = {
				ASSETCATALOG_COMPILER_APPICON_NAME = AppIcon;
				ASSETCATALOG_COMPILER_GLOBAL_ACCENT_COLOR_NAME = AccentColor;
				CODE_SIGN_STYLE = Automatic;
				CURRENT_PROJECT_VERSION = 1;
				GENERATE_INFOPLIST_FILE = YES;
				INFOPLIST_FILE = "DZ-1.3-Navigation/Info.plist";
				INFOPLIST_KEY_UIApplicationSupportsIndirectInputEvents = YES;
				INFOPLIST_KEY_UILaunchStoryboardName = LaunchScreen;
				INFOPLIST_KEY_UISupportedInterfaceOrientations_iPad = "UIInterfaceOrientationPortrait UIInterfaceOrientationPortraitUpsideDown UIInterfaceOrientationLandscapeLeft UIInterfaceOrientationLandscapeRight";
				INFOPLIST_KEY_UISupportedInterfaceOrientations_iPhone = "UIInterfaceOrientationPortrait UIInterfaceOrientationLandscapeLeft UIInterfaceOrientationLandscapeRight";
				LD_RUNPATH_SEARCH_PATHS = (
					"$(inherited)",
					"@executable_path/Frameworks",
				);
				MARKETING_VERSION = 1.0;
				PRODUCT_BUNDLE_IDENTIFIER = "-.DZ-1-3-Navigation";
				PRODUCT_NAME = "$(TARGET_NAME)";
				SWIFT_EMIT_LOC_STRINGS = YES;
				SWIFT_VERSION = 5.0;
				TARGETED_DEVICE_FAMILY = "1,2";
			};
			name = Release;
		};
/* End XCBuildConfiguration section */

/* Begin XCConfigurationList section */
		20FEB1E8298DA7D80097F4DA /* Build configuration list for PBXProject "DZ-1.3-Navigation" */ = {
			isa = XCConfigurationList;
			buildConfigurations = (
				20FEB1FF298DA7D90097F4DA /* Debug */,
				20FEB200298DA7D90097F4DA /* Release */,
			);
			defaultConfigurationIsVisible = 0;
			defaultConfigurationName = Release;
		};
		20FEB201298DA7D90097F4DA /* Build configuration list for PBXNativeTarget "DZ-1.3-Navigation" */ = {
			isa = XCConfigurationList;
			buildConfigurations = (
				20FEB202298DA7D90097F4DA /* Debug */,
				20FEB203298DA7D90097F4DA /* Release */,
			);
			defaultConfigurationIsVisible = 0;
			defaultConfigurationName = Release;
		};
/* End XCConfigurationList section */
	};
	rootObject = 20FEB1E5298DA7D80097F4DA /* Project object */;
}
